{
  "requires": true,
  "lockfileVersion": 1,
  "dependencies": {
    "@uirouter/core": {
      "version": "5.0.3",
      "resolved": "https://registry.npmjs.org/@uirouter/core/-/core-5.0.3.tgz",
      "integrity": "sha1-4rWx5FGQ4gxnuk4VwBPeXU4MyrM="
    },
    "angular": {
      "version": "1.6.7",
      "resolved": "https://registry.npmjs.org/angular/-/angular-1.6.7.tgz",
      "integrity": "sha1-D4mDfa4XdrAcyx+iCW2w2Tc9mJc="
    },
    "angular-animate": {
      "version": "1.6.9",
      "resolved": "https://registry.npmjs.org/angular-animate/-/angular-animate-1.6.9.tgz",
      "integrity": "sha512-3/fqrmT6mJgB2O6oDvXDlNP6AJVqUXLWZq/P87Xo7Wt0JjcSmhJSQ02Yp7gm0Pkd5SXMKHICLpn/iEJPyse9fg=="
    },
    "angular-aria": {
      "version": "1.6.9",
      "resolved": "https://registry.npmjs.org/angular-aria/-/angular-aria-1.6.9.tgz",
      "integrity": "sha512-I2SR17Ux0o0R9KD3DRzjR5NNX3pUSKvtWYLFCLg22qvR5+736olCQSyptNIvKsvjALwfXBw1Irdlq0jyohDn+Q=="
    },
    "angular-local-storage": {
      "version": "0.7.1",
      "resolved": "https://registry.npmjs.org/angular-local-storage/-/angular-local-storage-0.7.1.tgz",
      "integrity": "sha1-+9JzB2PCn6mvVyXgGGx4BiHozdI="
    },
    "angular-material": {
      "version": "1.1.7",
      "resolved": "https://registry.npmjs.org/angular-material/-/angular-material-1.1.7.tgz",
      "integrity": "sha512-nIEkTk2BfEmqOLXtBFrc39aAwDsM3oNXOQBUqtTA8cxD0OjTKAnkfJaVPWmqFa/h3pt1JhvP+R2Ispg9/skl4A=="
    },
    "angular-messages": {
      "version": "1.6.9",
      "resolved": "https://registry.npmjs.org/angular-messages/-/angular-messages-1.6.9.tgz",
      "integrity": "sha512-/2xvG6vDC+Us8h0baSa1siDKwPj5R2A7LldxxhK2339HInc09bq9shMVCUy9zqnuvwnDUJ/DSgkSaBoSHSZrqg=="
    },
    "angular-sanitize": {
      "version": "1.6.9",
      "resolved": "https://registry.npmjs.org/angular-sanitize/-/angular-sanitize-1.6.9.tgz",
      "integrity": "sha512-zWGQHWvmftkPTR0s6RCF9gx/pezR1V0swcVrkimMyBW3eK3ly7inG5BDDSt2oGExhWufV2VfnIv01T+tBUckNg=="
    },
    "angular-ui-router": {
      "version": "1.0.3",
      "resolved": "https://registry.npmjs.org/angular-ui-router/-/angular-ui-router-1.0.3.tgz",
      "integrity": "sha1-vySUyq6Vw3zwGvN2HYl0fP7S20U=",
      "requires": {
        "@uirouter/core": "5.0.3"
      }
    }
  }
}
